// !$*UTF8*$!
{
	archiveVersion = 1;
	classes = {
	};
	objectVersion = 50;
	objects = {

/* Begin PBXBuildFile section */
		1A624F4CBFD652546DF65611 /* Pods_RNwithIOS.framework in Frameworks */ = {isa = PBXBuildFile; fileRef = BB25939193F4AB5D93DB7815 /* Pods_RNwithIOS.framework */; };
		C42A1C222452C2530069A094 /* AppDelegate.swift in Sources */ = {isa = PBXBuildFile; fileRef = C42A1C212452C2530069A094 /* AppDelegate.swift */; };
		C42A1C262452C2530069A094 /* ViewController.swift in Sources */ = {isa = PBXBuildFile; fileRef = C42A1C252452C2530069A094 /* ViewController.swift */; };
		C42A1C292452C2530069A094 /* Main.storyboard in Resources */ = {isa = PBXBuildFile; fileRef = C42A1C272452C2530069A094 /* Main.storyboard */; };
		C42A1C2B2452C2550069A094 /* Assets.xcassets in Resources */ = {isa = PBXBuildFile; fileRef = C42A1C2A2452C2550069A094 /* Assets.xcassets */; };
		C42A1C2E2452C2550069A094 /* LaunchScreen.storyboard in Resources */ = {isa = PBXBuildFile; fileRef = C42A1C2C2452C2550069A094 /* LaunchScreen.storyboard */; };
/* End PBXBuildFile section */

/* Begin PBXFileReference section */
		2A464AE3EF14ADD87E8DA23B /* Pods-RNwithIOS.debug.xcconfig */ = {isa = PBXFileReference; includeInIndex = 1; lastKnownFileType = text.xcconfig; name = "Pods-RNwithIOS.debug.xcconfig"; path = "Target Support Files/Pods-RNwithIOS/Pods-RNwithIOS.debug.xcconfig"; sourceTree = "<group>"; };
		BB25939193F4AB5D93DB7815 /* Pods_RNwithIOS.framework */ = {isa = PBXFileReference; explicitFileType = wrapper.framework; includeInIndex = 0; path = Pods_RNwithIOS.framework; sourceTree = BUILT_PRODUCTS_DIR; };
		C42A1C1E2452C2530069A094 /* RNwithIOS.app */ = {isa = PBXFileReference; explicitFileType = wrapper.application; includeInIndex = 0; path = RNwithIOS.app; sourceTree = BUILT_PRODUCTS_DIR; };
		C42A1C212452C2530069A094 /* AppDelegate.swift */ = {isa = PBXFileReference; lastKnownFileType = sourcecode.swift; path = AppDelegate.swift; sourceTree = "<group>"; };
		C42A1C252452C2530069A094 /* ViewController.swift */ = {isa = PBXFileReference; lastKnownFileType = sourcecode.swift; path = ViewController.swift; sourceTree = "<group>"; };
		C42A1C282452C2530069A094 /* Base */ = {isa = PBXFileReference; lastKnownFileType = file.storyboard; name = Base; path = Base.lproj/Main.storyboard; sourceTree = "<group>"; };
		C42A1C2A2452C2550069A094 /* Assets.xcassets */ = {isa = PBXFileReference; lastKnownFileType = folder.assetcatalog; path = Assets.xcassets; sourceTree = "<group>"; };
		C42A1C2D2452C2550069A094 /* Base */ = {isa = PBXFileReference; lastKnownFileType = file.storyboard; name = Base; path = Base.lproj/LaunchScreen.storyboard; sourceTree = "<group>"; };
		C42A1C2F2452C2550069A094 /* Info.plist */ = {isa = PBXFileReference; lastKnownFileType = text.plist.xml; path = Info.plist; sourceTree = "<group>"; };
		F68DB6A07658B0217403311B /* Pods-RNwithIOS.release.xcconfig */ = {isa = PBXFileReference; includeInIndex = 1; lastKnownFileType = text.xcconfig; name = "Pods-RNwithIOS.release.xcconfig"; path = "Target Support Files/Pods-RNwithIOS/Pods-RNwithIOS.release.xcconfig"; sourceTree = "<group>"; };
/* End PBXFileReference section */

/* Begin PBXFrameworksBuildPhase section */
		C42A1C1B2452C2530069A094 /* Frameworks */ = {
			isa = PBXFrameworksBuildPhase;
			buildActionMask = 2147483647;
			files = (
				1A624F4CBFD652546DF65611 /* Pods_RNwithIOS.framework in Frameworks */,
			);
			runOnlyForDeploymentPostprocessing = 0;
		};
/* End PBXFrameworksBuildPhase section */

/* Begin PBXGroup section */
		7DF9E80F50BE52FDE0354AB0 /* Pods */ = {
			isa = PBXGroup;
			children = (
				2A464AE3EF14ADD87E8DA23B /* Pods-RNwithIOS.debug.xcconfig */,
				F68DB6A07658B0217403311B /* Pods-RNwithIOS.release.xcconfig */,
			);
			name = Pods;
			path = Pods;
			sourceTree = "<group>";
		};
		82539C159938F4ABE05B69BF /* Frameworks */ = {
			isa = PBXGroup;
			children = (
				BB25939193F4AB5D93DB7815 /* Pods_RNwithIOS.framework */,
			);
			name = Frameworks;
			sourceTree = "<group>";
		};
		C42A1C152452C2530069A094 = {
			isa = PBXGroup;
			children = (
				C42A1C202452C2530069A094 /* RNwithIOS */,
				C42A1C1F2452C2530069A094 /* Products */,
				7DF9E80F50BE52FDE0354AB0 /* Pods */,
				82539C159938F4ABE05B69BF /* Frameworks */,
			);
			sourceTree = "<group>";
		};
		C42A1C1F2452C2530069A094 /* Products */ = {
			isa = PBXGroup;
			children = (
				C42A1C1E2452C2530069A094 /* RNwithIOS.app */,
			);
			name = Products;
			sourceTree = "<group>";
		};
		C42A1C202452C2530069A094 /* RNwithIOS */ = {
			isa = PBXGroup;
			children = (
				C42A1C212452C2530069A094 /* AppDelegate.swift */,
				C42A1C252452C2530069A094 /* ViewController.swift */,
				C42A1C272452C2530069A094 /* Main.storyboard */,
				C42A1C2A2452C2550069A094 /* Assets.xcassets */,
				C42A1C2C2452C2550069A094 /* LaunchScreen.storyboard */,
				C42A1C2F2452C2550069A094 /* Info.plist */,
			);
			path = RNwithIOS;
			sourceTree = "<group>";
		};
/* End PBXGroup section */

/* Begin PBXNativeTarget section */
		C42A1C1D2452C2530069A094 /* RNwithIOS */ = {
			isa = PBXNativeTarget;
			buildConfigurationList = C42A1C322452C2550069A094 /* Build configuration list for PBXNativeTarget "RNwithIOS" */;
			buildPhases = (
				A8F7E1F43D23BDACA4660909 /* [CP] Check Pods Manifest.lock */,
				C42A1C1A2452C2530069A094 /* Sources */,
				C42A1C1B2452C2530069A094 /* Frameworks */,
				C42A1C1C2452C2530069A094 /* Resources */,
				3114CB96EBFEE38480CAEE41 /* [CP] Embed Pods Frameworks */,
			);
			buildRules = (
			);
			dependencies = (
			);
			name = RNwithIOS;
			productName = RNwithIOS;
			productReference = C42A1C1E2452C2530069A094 /* RNwithIOS.app */;
			productType = "com.apple.product-type.application";
		};
/* End PBXNativeTarget section */

/* Begin PBXProject section */
		C42A1C162452C2530069A094 /* Project object */ = {
			isa = PBXProject;
			attributes = {
				LastSwiftUpdateCheck = 1140;
				LastUpgradeCheck = 1140;
				ORGANIZATIONNAME = "Djuro Alfirevic";
				TargetAttributes = {
					C42A1C1D2452C2530069A094 = {
						CreatedOnToolsVersion = 11.4.1;
					};
				};
			};
			buildConfigurationList = C42A1C192452C2530069A094 /* Build configuration list for PBXProject "RNwithIOS" */;
			compatibilityVersion = "Xcode 9.3";
			developmentRegion = en;
			hasScannedForEncodings = 0;
			knownRegions = (
				en,
				Base,
			);
			mainGroup = C42A1C152452C2530069A094;
			productRefGroup = C42A1C1F2452C2530069A094 /* Products */;
			projectDirPath = "";
			projectRoot = "";
			targets = (
				C42A1C1D2452C2530069A094 /* RNwithIOS */,
			);
		};
/* End PBXProject section */

/* Begin PBXResourcesBuildPhase section */
		C42A1C1C2452C2530069A094 /* Resources */ = {
			isa = PBXResourcesBuildPhase;
			buildActionMask = 2147483647;
			files = (
				C42A1C2E2452C2550069A094 /* LaunchScreen.storyboard in Resources */,
				C42A1C2B2452C2550069A094 /* Assets.xcassets in Resources */,
				C42A1C292452C2530069A094 /* Main.storyboard in Resources */,
			);
			runOnlyForDeploymentPostprocessing = 0;
		};
/* End PBXResourcesBuildPhase section */

/* Begin PBXShellScriptBuildPhase section */
		3114CB96EBFEE38480CAEE41 /* [CP] Embed Pods Frameworks */ = {
			isa = PBXShellScriptBuildPhase;
			buildActionMask = 2147483647;
			files = (
			);
			inputFileListPaths = (
				"${PODS_ROOT}/Target Support Files/Pods-RNwithIOS/Pods-RNwithIOS-frameworks-${CONFIGURATION}-input-files.xcfilelist",
			);
			name = "[CP] Embed Pods Frameworks";
			outputFileListPaths = (
				"${PODS_ROOT}/Target Support Files/Pods-RNwithIOS/Pods-RNwithIOS-frameworks-${CONFIGURATION}-output-files.xcfilelist",
			);
			runOnlyForDeploymentPostprocessing = 0;
			shellPath = /bin/sh;
			shellScript = "\"${PODS_ROOT}/Target Support Files/Pods-RNwithIOS/Pods-RNwithIOS-frameworks.sh\"\n";
			showEnvVarsInLog = 0;
		};
		A8F7E1F43D23BDACA4660909 /* [CP] Check Pods Manifest.lock */ = {
			isa = PBXShellScriptBuildPhase;
			buildActionMask = 2147483647;
			files = (
			);
			inputFileListPaths = (
			);
			inputPaths = (
				"${PODS_PODFILE_DIR_PATH}/Podfile.lock",
				"${PODS_ROOT}/Manifest.lock",
			);
			name = "[CP] Check Pods Manifest.lock";
			outputFileListPaths = (
			);
			outputPaths = (
				"$(DERIVED_FILE_DIR)/Pods-RNwithIOS-checkManifestLockResult.txt",
			);
			runOnlyForDeploymentPostprocessing = 0;
			shellPath = /bin/sh;
			shellScript = "diff \"${PODS_PODFILE_DIR_PATH}/Podfile.lock\" \"${PODS_ROOT}/Manifest.lock\" > /dev/null\nif [ $? != 0 ] ; then\n    # print error to STDERR\n    echo \"error: The sandbox is not in sync with the Podfile.lock. Run 'pod install' or update your CocoaPods installation.\" >&2\n    exit 1\nfi\n# This output is used by Xcode 'outputs' to avoid re-running this script phase.\necho \"SUCCESS\" > \"${SCRIPT_OUTPUT_FILE_0}\"\n";
			showEnvVarsInLog = 0;
		};
/* End PBXShellScriptBuildPhase section */

/* Begin PBXSourcesBuildPhase section */
		C42A1C1A2452C2530069A094 /* Sources */ = {
			isa = PBXSourcesBuildPhase;
			buildActionMask = 2147483647;
			files = (
				C42A1C262452C2530069A094 /* ViewController.swift in Sources */,
				C42A1C222452C2530069A094 /* AppDelegate.swift in Sources */,
			);
			runOnlyForDeploymentPostprocessing = 0;
		};
/* End PBXSourcesBuildPhase section */

/* Begin PBXVariantGroup section */
		C42A1C272452C2530069A094 /* Main.storyboard */ = {
			isa = PBXVariantGroup;
			children = (
				C42A1C282452C2530069A094 /* Base */,
			);
			name = Main.storyboard;
			sourceTree = "<group>";
		};
		C42A1C2C2452C2550069A094 /* LaunchScreen.storyboard */ = {
			isa = PBXVariantGroup;
			children = (
				C42A1C2D2452C2550069A094 /* Base */,
			);
			name = LaunchScreen.storyboard;
			sourceTree = "<group>";
		};
/* End PBXVariantGroup section */

/* Begin XCBuildConfiguration section */
		C42A1C302452C2550069A094 /* Debug */ = {
			isa = XCBuildConfiguration;
			buildSettings = {
				ALWAYS_SEARCH_USER_PATHS = NO;
				CLANG_ANALYZER_NONNULL = YES;
				CLANG_ANALYZER_NUMBER_OBJECT_CONVERSION = YES_AGGRESSIVE;
				CLANG_CXX_LANGUAGE_STANDARD = "gnu++14";
				CLANG_CXX_LIBRARY = "libc++";
				CLANG_ENABLE_MODULES = YES;
				CLANG_ENABLE_OBJC_ARC = YES;
				CLANG_ENABLE_OBJC_WEAK = YES;
				CLANG_WARN_BLOCK_CAPTURE_AUTORELEASING = YES;
				CLANG_WARN_BOOL_CONVERSION = YES;
				CLANG_WARN_COMMA = YES;
				CLANG_WARN_CONSTANT_CONVERSION = YES;
				CLANG_WARN_DEPRECATED_OBJC_IMPLEMENTATIONS = YES;
				CLANG_WARN_DIRECT_OBJC_ISA_USAGE = YES_ERROR;
				CLANG_WARN_DOCUMENTATION_COMMENTS = YES;
				CLANG_WARN_EMPTY_BODY = YES;
				CLANG_WARN_ENUM_CONVERSION = YES;
				CLANG_WARN_INFINITE_RECURSION = YES;
				CLANG_WARN_INT_CONVERSION = YES;
				CLANG_WARN_NON_LITERAL_NULL_CONVERSION = YES;
				CLANG_WARN_OBJC_IMPLICIT_RETAIN_SELF = YES;
				CLANG_WARN_OBJC_LITERAL_CONVERSION = YES;
				CLANG_WARN_OBJC_ROOT_CLASS = YES_ERROR;
				CLANG_WARN_RANGE_LOOP_ANALYSIS = YES;
				CLANG_WARN_STRICT_PROTOTYPES = YES;
				CLANG_WARN_SUSPICIOUS_MOVE = YES;
				CLANG_WARN_UNGUARDED_AVAILABILITY = YES_AGGRESSIVE;
				CLANG_WARN_UNREACHABLE_CODE = YES;
				CLANG_WARN__DUPLICATE_METHOD_MATCH = YES;
				COPY_PHASE_STRIP = NO;
				DEBUG_INFORMATION_FORMAT = dwarf;
				ENABLE_STRICT_OBJC_MSGSEND = YES;
				ENABLE_TESTABILITY = YES;
				GCC_C_LANGUAGE_STANDARD = gnu11;
				GCC_DYNAMIC_NO_PIC = NO;
				GCC_NO_COMMON_BLOCKS = YES;
				GCC_OPTIMIZATION_LEVEL = 0;
				GCC_PREPROCESSOR_DEFINITIONS = (
					"DEBUG=1",
					"$(inherited)",
				);
				GCC_WARN_64_TO_32_BIT_CONVERSION = YES;
				GCC_WARN_ABOUT_RETURN_TYPE = YES_ERROR;
				GCC_WARN_UNDECLARED_SELECTOR = YES;
				GCC_WARN_UNINITIALIZED_AUTOS = YES_AGGRESSIVE;
				GCC_WARN_UNUSED_FUNCTION = YES;
				GCC_WARN_UNUSED_VARIABLE = YES;
				IPHONEOS_DEPLOYMENT_TARGET = 13.4;
				MTL_ENABLE_DEBUG_INFO = INCLUDE_SOURCE;
				MTL_FAST_MATH = YES;
				ONLY_ACTIVE_ARCH = YES;
				SDKROOT = iphoneos;
				SWIFT_ACTIVE_COMPILATION_CONDITIONS = DEBUG;
				SWIFT_OPTIMIZATION_LEVEL = "-Onone";
			};
			name = Debug;
		};
		C42A1C312452C2550069A094 /* Release */ = {
			isa = XCBuildConfiguration;
			buildSettings = {
				ALWAYS_SEARCH_USER_PATHS = NO;
				CLANG_ANALYZER_NONNULL = YES;
				CLANG_ANALYZER_NUMBER_OBJECT_CONVERSION = YES_AGGRESSIVE;
				CLANG_CXX_LANGUAGE_STANDARD = "gnu++14";
				CLANG_CXX_LIBRARY = "libc++";
				CLANG_ENABLE_MODULES = YES;
				CLANG_ENABLE_OBJC_ARC = YES;
				CLANG_ENABLE_OBJC_WEAK = YES;
				CLANG_WARN_BLOCK_CAPTURE_AUTORELEASING = YES;
				CLANG_WARN_BOOL_CONVERSION = YES;
				CLANG_WARN_COMMA = YES;
				CLANG_WARN_CONSTANT_CONVERSION = YES;
				CLANG_WARN_DEPRECATED_OBJC_IMPLEMENTATIONS = YES;
				CLANG_WARN_DIRECT_OBJC_ISA_USAGE = YES_ERROR;
				CLANG_WARN_DOCUMENTATION_COMMENTS = YES;
				CLANG_WARN_EMPTY_BODY = YES;
				CLANG_WARN_ENUM_CONVERSION = YES;
				CLANG_WARN_INFINITE_RECURSION = YES;
				CLANG_WARN_INT_CONVERSION = YES;
				CLANG_WARN_NON_LITERAL_NULL_CONVERSION = YES;
				CLANG_WARN_OBJC_IMPLICIT_RETAIN_SELF = YES;
				CLANG_WARN_OBJC_LITERAL_CONVERSION = YES;
				CLANG_WARN_OBJC_ROOT_CLASS = YES_ERROR;
				CLANG_WARN_RANGE_LOOP_ANALYSIS = YES;
				CLANG_WARN_STRICT_PROTOTYPES = YES;
				CLANG_WARN_SUSPICIOUS_MOVE = YES;
				CLANG_WARN_UNGUARDED_AVAILABILITY = YES_AGGRESSIVE;
				CLANG_WARN_UNREACHABLE_CODE = YES;
				CLANG_WARN__DUPLICATE_METHOD_MATCH = YES;
				COPY_PHASE_STRIP = NO;
				DEBUG_INFORMATION_FORMAT = "dwarf-with-dsym";
				ENABLE_NS_ASSERTIONS = NO;
				ENABLE_STRICT_OBJC_MSGSEND = YES;
				GCC_C_LANGUAGE_STANDARD = gnu11;
				GCC_NO_COMMON_BLOCKS = YES;
				GCC_WARN_64_TO_32_BIT_CONVERSION = YES;
				GCC_WARN_ABOUT_RETURN_TYPE = YES_ERROR;
				GCC_WARN_UNDECLARED_SELECTOR = YES;
				GCC_WARN_UNINITIALIZED_AUTOS = YES_AGGRESSIVE;
				GCC_WARN_UNUSED_FUNCTION = YES;
				GCC_WARN_UNUSED_VARIABLE = YES;
				IPHONEOS_DEPLOYMENT_TARGET = 13.4;
				MTL_ENABLE_DEBUG_INFO = NO;
				MTL_FAST_MATH = YES;
				SDKROOT = iphoneos;
				SWIFT_COMPILATION_MODE = wholemodule;
				SWIFT_OPTIMIZATION_LEVEL = "-O";
				VALIDATE_PRODUCT = YES;
			};
			name = Release;
		};
		C42A1C332452C2550069A094 /* Debug */ = {
			isa = XCBuildConfiguration;
			baseConfigurationReference = 2A464AE3EF14ADD87E8DA23B /* Pods-RNwithIOS.debug.xcconfig */;
			buildSettings = {
				ASSETCATALOG_COMPILER_APPICON_NAME = AppIcon;
				CODE_SIGN_STYLE = Automatic;
				INFOPLIST_FILE = RNwithIOS/Info.plist;
				LD_RUNPATH_SEARCH_PATHS = (
					"$(inherited)",
					"@executable_path/Frameworks",
				);
				PRODUCT_BUNDLE_IDENTIFIER = com.djuroalfirevic.RNwithIOS;
				PRODUCT_NAME = "$(TARGET_NAME)";
				SWIFT_VERSION = 5.0;
				TARGETED_DEVICE_FAMILY = 1;
			};
			name = Debug;
		};
		C42A1C342452C2550069A094 /* Release */ = {
			isa = XCBuildConfiguration;
			baseConfigurationReference = F68DB6A07658B0217403311B /* Pods-RNwithIOS.release.xcconfig */;
			buildSettings = {
				ASSETCATALOG_COMPILER_APPICON_NAME = AppIcon;
				CODE_SIGN_STYLE = Automatic;
				INFOPLIST_FILE = RNwithIOS/Info.plist;
				LD_RUNPATH_SEARCH_PATHS = (
					"$(inherited)",
					"@executable_path/Frameworks",
				);
				PRODUCT_BUNDLE_IDENTIFIER = com.djuroalfirevic.RNwithIOS;
				PRODUCT_NAME = "$(TARGET_NAME)";
				SWIFT_VERSION = 5.0;
				TARGETED_DEVICE_FAMILY = 1;
			};
			name = Release;
		};
/* End XCBuildConfiguration section */

/* Begin XCConfigurationList section */
		C42A1C192452C2530069A094 /* Build configuration list for PBXProject "RNwithIOS" */ = {
			isa = XCConfigurationList;
			buildConfigurations = (
				C42A1C302452C2550069A094 /* Debug */,
				C42A1C312452C2550069A094 /* Release */,
			);
			defaultConfigurationIsVisible = 0;
			defaultConfigurationName = Release;
		};
		C42A1C322452C2550069A094 /* Build configuration list for PBXNativeTarget "RNwithIOS" */ = {
			isa = XCConfigurationList;
			buildConfigurations = (
				C42A1C332452C2550069A094 /* Debug */,
				C42A1C342452C2550069A094 /* Release */,
			);
			defaultConfigurationIsVisible = 0;
			defaultConfigurationName = Release;
		};
/* End XCConfigurationList section */
	};
	rootObject = C42A1C162452C2530069A094 /* Project object */;
}
